
Microsoft Visual Studio Solution File, Format Version 12.00
# Visual Studio Version 17
VisualStudioVersion = 17.1.32414.318
MinimumVisualStudioVersion = 10.0.40219.1
Project("{9A19103F-16F7-4668-BE54-9A1E7A4F7556}") = "DiscountTracker.Entities", "DiscountTracker.Entities\DiscountTracker.Entities.csproj", "{8BFB0C7E-B9F3-4CEA-9C73-B551BB540DF5}"
EndProject
Project("{9A19103F-16F7-4668-BE54-9A1E7A4F7556}") = "DiscountTracker.DataAccess", "DiscountTracker.DataAccess\DiscountTracker.DataAccess.csproj", "{FC9832A2-5A38-46B1-A676-6C7F9D8E2D46}"
EndProject
Project("{9A19103F-16F7-4668-BE54-9A1E7A4F7556}") = "DiscountTracker.Api", "DiscountTracker.Api\DiscountTracker.Api.csproj", "{FEE5F1C3-860E-40D5-81FB-923408F620C6}"
EndProject
Project("{9A19103F-16F7-4668-BE54-9A1E7A4F7556}") = "DiscountTracker.MainService", "DiscountTracker.MainService\DiscountTracker.MainService.csproj", "{09518014-1A53-4525-802D-4584048A26E7}"
EndProject
Project("{9A19103F-16F7-4668-BE54-9A1E7A4F7556}") = "DiscountTracker.ReportService", "DiscountTracker.ReportService\DiscountTracker.ReportService.csproj", "{12BE620F-1804-4359-B5E8-0CCCF5CA7143}"
EndProject
Project("{9A19103F-16F7-4668-BE54-9A1E7A4F7556}") = "DiscountTracker.Utilities", "DiscountTracker.Utilities\DiscountTracker.Utilities.csproj", "{3E09F2AF-1196-41A5-81AC-4E51D8C533CE}"
EndProject
Project("{9A19103F-16F7-4668-BE54-9A1E7A4F7556}") = "DiscountTracker.Business", "DiscountTracker.Business\DiscountTracker.Business.csproj", "{5EFFC994-8F1C-48AA-88E0-64CD730B94F6}"
EndProject
Project("{9A19103F-16F7-4668-BE54-9A1E7A4F7556}") = "DiscountTracker.TestApp", "DiscountTracker.TestApp\DiscountTracker.TestApp.csproj", "{D982A29B-ADF4-49B7-8EA9-5EF2CA52EEA6}"
EndProject
Project("{FAE04EC0-301F-11D3-BF4B-00C04F79EFBC}") = "DiscountTracker.Common", "DiscountTracker.Common\DiscountTracker.Common.csproj", "{C327C070-B2B1-4F7E-B2B4-D1CC5263EFA4}"
EndProject
Global
	GlobalSection(SolutionConfigurationPlatforms) = preSolution
		Debug|Any CPU = Debug|Any CPU
		Release|Any CPU = Release|Any CPU
	EndGlobalSection
	GlobalSection(ProjectConfigurationPlatforms) = postSolution
		{8BFB0C7E-B9F3-4CEA-9C73-B551BB540DF5}.Debug|Any CPU.ActiveCfg = Debug|Any CPU
		{8BFB0C7E-B9F3-4CEA-9C73-B551BB540DF5}.Debug|Any CPU.Build.0 = Debug|Any CPU
		{8BFB0C7E-B9F3-4CEA-9C73-B551BB540DF5}.Release|Any CPU.ActiveCfg = Release|Any CPU
		{8BFB0C7E-B9F3-4CEA-9C73-B551BB540DF5}.Release|Any CPU.Build.0 = Release|Any CPU
		{FC9832A2-5A38-46B1-A676-6C7F9D8E2D46}.Debug|Any CPU.ActiveCfg = Debug|Any CPU
		{FC9832A2-5A38-46B1-A676-6C7F9D8E2D46}.Debug|Any CPU.Build.0 = Debug|Any CPU
		{FC9832A2-5A38-46B1-A676-6C7F9D8E2D46}.Release|Any CPU.ActiveCfg = Release|Any CPU
		{FC9832A2-5A38-46B1-A676-6C7F9D8E2D46}.Release|Any CPU.Build.0 = Release|Any CPU
		{FEE5F1C3-860E-40D5-81FB-923408F620C6}.Debug|Any CPU.ActiveCfg = Debug|Any CPU
		{FEE5F1C3-860E-40D5-81FB-923408F620C6}.Debug|Any CPU.Build.0 = Debug|Any CPU
		{FEE5F1C3-860E-40D5-81FB-923408F620C6}.Release|Any CPU.ActiveCfg = Release|Any CPU
		{FEE5F1C3-860E-40D5-81FB-923408F620C6}.Release|Any CPU.Build.0 = Release|Any CPU
		{09518014-1A53-4525-802D-4584048A26E7}.Debug|Any CPU.ActiveCfg = Debug|Any CPU
		{09518014-1A53-4525-802D-4584048A26E7}.Debug|Any CPU.Build.0 = Debug|Any CPU
		{09518014-1A53-4525-802D-4584048A26E7}.Release|Any CPU.ActiveCfg = Release|Any CPU
		{09518014-1A53-4525-802D-4584048A26E7}.Release|Any CPU.Build.0 = Release|Any CPU
		{12BE620F-1804-4359-B5E8-0CCCF5CA7143}.Debug|Any CPU.ActiveCfg = Debug|Any CPU
		{12BE620F-1804-4359-B5E8-0CCCF5CA7143}.Debug|Any CPU.Build.0 = Debug|Any CPU
		{12BE620F-1804-4359-B5E8-0CCCF5CA7143}.Release|Any CPU.ActiveCfg = Release|Any CPU
		{12BE620F-1804-4359-B5E8-0CCCF5CA7143}.Release|Any CPU.Build.0 = Release|Any CPU
		{3E09F2AF-1196-41A5-81AC-4E51D8C533CE}.Debug|Any CPU.ActiveCfg = Debug|Any CPU
		{3E09F2AF-1196-41A5-81AC-4E51D8C533CE}.Debug|Any CPU.Build.0 = Debug|Any CPU
		{3E09F2AF-1196-41A5-81AC-4E51D8C533CE}.Release|Any CPU.ActiveCfg = Release|Any CPU
		{3E09F2AF-1196-41A5-81AC-4E51D8C533CE}.Release|Any CPU.Build.0 = Release|Any CPU
		{5EFFC994-8F1C-48AA-88E0-64CD730B94F6}.Debug|Any CPU.ActiveCfg = Debug|Any CPU
		{5EFFC994-8F1C-48AA-88E0-64CD730B94F6}.Debug|Any CPU.Build.0 = Debug|Any CPU
		{5EFFC994-8F1C-48AA-88E0-64CD730B94F6}.Release|Any CPU.ActiveCfg = Release|Any CPU
		{5EFFC994-8F1C-48AA-88E0-64CD730B94F6}.Release|Any CPU.Build.0 = Release|Any CPU
		{D982A29B-ADF4-49B7-8EA9-5EF2CA52EEA6}.Debug|Any CPU.ActiveCfg = Debug|Any CPU
		{D982A29B-ADF4-49B7-8EA9-5EF2CA52EEA6}.Debug|Any CPU.Build.0 = Debug|Any CPU
		{D982A29B-ADF4-49B7-8EA9-5EF2CA52EEA6}.Release|Any CPU.ActiveCfg = Release|Any CPU
		{D982A29B-ADF4-49B7-8EA9-5EF2CA52EEA6}.Release|Any CPU.Build.0 = Release|Any CPU
		{C327C070-B2B1-4F7E-B2B4-D1CC5263EFA4}.Debug|Any CPU.ActiveCfg = Debug|Any CPU
		{C327C070-B2B1-4F7E-B2B4-D1CC5263EFA4}.Debug|Any CPU.Build.0 = Debug|Any CPU
		{C327C070-B2B1-4F7E-B2B4-D1CC5263EFA4}.Release|Any CPU.ActiveCfg = Release|Any CPU
		{C327C070-B2B1-4F7E-B2B4-D1CC5263EFA4}.Release|Any CPU.Build.0 = Release|Any CPU
	EndGlobalSection
	GlobalSection(SolutionProperties) = preSolution
		HideSolutionNode = FALSE
	EndGlobalSection
	GlobalSection(ExtensibilityGlobals) = postSolution
		SolutionGuid = {3128DE5B-8E6E-4AC6-933F-99F1D39CF36C}
	EndGlobalSection
EndGlobal
